// !$*UTF8*$!
{
	archiveVersion = 1;
	classes = {
	};
	objectVersion = 46;
	objects = {

/* Begin PBXBuildFile section */
		A1898C9C1D8FDD61004B7061 /* AppDelegate.swift in Sources */ = {isa = PBXBuildFile; fileRef = A1898C9B1D8FDD61004B7061 /* AppDelegate.swift */; };
		A1898C9E1D8FDD61004B7061 /* ViewController.swift in Sources */ = {isa = PBXBuildFile; fileRef = A1898C9D1D8FDD61004B7061 /* ViewController.swift */; };
		A1898CA11D8FDD61004B7061 /* Main.storyboard in Resources */ = {isa = PBXBuildFile; fileRef = A1898C9F1D8FDD61004B7061 /* Main.storyboard */; };
		A1898CA31D8FDD61004B7061 /* Assets.xcassets in Resources */ = {isa = PBXBuildFile; fileRef = A1898CA21D8FDD61004B7061 /* Assets.xcassets */; };
		A1898CA61D8FDD61004B7061 /* LaunchScreen.storyboard in Resources */ = {isa = PBXBuildFile; fileRef = A1898CA41D8FDD61004B7061 /* LaunchScreen.storyboard */; };
		A1898CB11D8FDD61004B7061 /* SwiftLoginUsingSocialMediaTests.swift in Sources */ = {isa = PBXBuildFile; fileRef = A1898CB01D8FDD61004B7061 /* SwiftLoginUsingSocialMediaTests.swift */; };
		A1898CBC1D8FDD62004B7061 /* SwiftLoginUsingSocialMediaUITests.swift in Sources */ = {isa = PBXBuildFile; fileRef = A1898CBB1D8FDD62004B7061 /* SwiftLoginUsingSocialMediaUITests.swift */; };
		F943677D1DBF6F1D00B4B09F /* GoogleService-Info.plist in Resources */ = {isa = PBXBuildFile; fileRef = F943677C1DBF6F1D00B4B09F /* GoogleService-Info.plist */; };
		F94367801DBF701600B4B09F /* StoreKit.framework in Frameworks */ = {isa = PBXBuildFile; fileRef = F943677F1DBF701600B4B09F /* StoreKit.framework */; };
		F94367821DBF702200B4B09F /* AddressBook.framework in Frameworks */ = {isa = PBXBuildFile; fileRef = F94367811DBF702200B4B09F /* AddressBook.framework */; };
		F94367841DBF702E00B4B09F /* SystemConfiguration.framework in Frameworks */ = {isa = PBXBuildFile; fileRef = F94367831DBF702E00B4B09F /* SystemConfiguration.framework */; };
		F943678A1DBF719100B4B09F /* GoogleAppUtilities.framework in Frameworks */ = {isa = PBXBuildFile; fileRef = F94367851DBF719100B4B09F /* GoogleAppUtilities.framework */; };
		F943678B1DBF719100B4B09F /* GoogleSignIn.bundle in Resources */ = {isa = PBXBuildFile; fileRef = F94367861DBF719100B4B09F /* GoogleSignIn.bundle */; };
		F943678C1DBF719100B4B09F /* GoogleSignIn.framework in Frameworks */ = {isa = PBXBuildFile; fileRef = F94367871DBF719100B4B09F /* GoogleSignIn.framework */; };
		F943678D1DBF719100B4B09F /* GoogleSignInDependencies.framework in Frameworks */ = {isa = PBXBuildFile; fileRef = F94367881DBF719100B4B09F /* GoogleSignInDependencies.framework */; };
		F943678E1DBF719100B4B09F /* GoogleSymbolUtilities.framework in Frameworks */ = {isa = PBXBuildFile; fileRef = F94367891DBF719100B4B09F /* GoogleSymbolUtilities.framework */; };
/* End PBXBuildFile section */

/* Begin PBXContainerItemProxy section */
		A1898CAD1D8FDD61004B7061 /* PBXContainerItemProxy */ = {
			isa = PBXContainerItemProxy;
			containerPortal = A1898C901D8FDD61004B7061 /* Project object */;
			proxyType = 1;
			remoteGlobalIDString = A1898C971D8FDD61004B7061;
			remoteInfo = SwiftLoginUsingSocialMedia;
		};
		A1898CB81D8FDD62004B7061 /* PBXContainerItemProxy */ = {
			isa = PBXContainerItemProxy;
			containerPortal = A1898C901D8FDD61004B7061 /* Project object */;
			proxyType = 1;
			remoteGlobalIDString = A1898C971D8FDD61004B7061;
			remoteInfo = SwiftLoginUsingSocialMedia;
		};
/* End PBXContainerItemProxy section */

/* Begin PBXFileReference section */
		A1898C981D8FDD61004B7061 /* SwiftLoginUsingSocialMedia.app */ = {isa = PBXFileReference; explicitFileType = wrapper.application; includeInIndex = 0; path = SwiftLoginUsingSocialMedia.app; sourceTree = BUILT_PRODUCTS_DIR; };
		A1898C9B1D8FDD61004B7061 /* AppDelegate.swift */ = {isa = PBXFileReference; lastKnownFileType = sourcecode.swift; path = AppDelegate.swift; sourceTree = "<group>"; };
		A1898C9D1D8FDD61004B7061 /* ViewController.swift */ = {isa = PBXFileReference; lastKnownFileType = sourcecode.swift; path = ViewController.swift; sourceTree = "<group>"; };
		A1898CA01D8FDD61004B7061 /* Base */ = {isa = PBXFileReference; lastKnownFileType = file.storyboard; name = Base; path = Base.lproj/Main.storyboard; sourceTree = "<group>"; };
		A1898CA21D8FDD61004B7061 /* Assets.xcassets */ = {isa = PBXFileReference; lastKnownFileType = folder.assetcatalog; path = Assets.xcassets; sourceTree = "<group>"; };
		A1898CA51D8FDD61004B7061 /* Base */ = {isa = PBXFileReference; lastKnownFileType = file.storyboard; name = Base; path = Base.lproj/LaunchScreen.storyboard; sourceTree = "<group>"; };
		A1898CA71D8FDD61004B7061 /* Info.plist */ = {isa = PBXFileReference; lastKnownFileType = text.plist.xml; path = Info.plist; sourceTree = "<group>"; };
		A1898CAC1D8FDD61004B7061 /* SwiftLoginUsingSocialMediaTests.xctest */ = {isa = PBXFileReference; explicitFileType = wrapper.cfbundle; includeInIndex = 0; path = SwiftLoginUsingSocialMediaTests.xctest; sourceTree = BUILT_PRODUCTS_DIR; };
		A1898CB01D8FDD61004B7061 /* SwiftLoginUsingSocialMediaTests.swift */ = {isa = PBXFileReference; lastKnownFileType = sourcecode.swift; path = SwiftLoginUsingSocialMediaTests.swift; sourceTree = "<group>"; };
		A1898CB21D8FDD61004B7061 /* Info.plist */ = {isa = PBXFileReference; lastKnownFileType = text.plist.xml; path = Info.plist; sourceTree = "<group>"; };
		A1898CB71D8FDD62004B7061 /* SwiftLoginUsingSocialMediaUITests.xctest */ = {isa = PBXFileReference; explicitFileType = wrapper.cfbundle; includeInIndex = 0; path = SwiftLoginUsingSocialMediaUITests.xctest; sourceTree = BUILT_PRODUCTS_DIR; };
		A1898CBB1D8FDD62004B7061 /* SwiftLoginUsingSocialMediaUITests.swift */ = {isa = PBXFileReference; lastKnownFileType = sourcecode.swift; path = SwiftLoginUsingSocialMediaUITests.swift; sourceTree = "<group>"; };
		A1898CBD1D8FDD62004B7061 /* Info.plist */ = {isa = PBXFileReference; lastKnownFileType = text.plist.xml; path = Info.plist; sourceTree = "<group>"; };
		F943677C1DBF6F1D00B4B09F /* GoogleService-Info.plist */ = {isa = PBXFileReference; fileEncoding = 4; lastKnownFileType = text.plist.xml; path = "GoogleService-Info.plist"; sourceTree = "<group>"; };
		F943677F1DBF701600B4B09F /* StoreKit.framework */ = {isa = PBXFileReference; lastKnownFileType = wrapper.framework; name = StoreKit.framework; path = System/Library/Frameworks/StoreKit.framework; sourceTree = SDKROOT; };
		F94367811DBF702200B4B09F /* AddressBook.framework */ = {isa = PBXFileReference; lastKnownFileType = wrapper.framework; name = AddressBook.framework; path = System/Library/Frameworks/AddressBook.framework; sourceTree = SDKROOT; };
		F94367831DBF702E00B4B09F /* SystemConfiguration.framework */ = {isa = PBXFileReference; lastKnownFileType = wrapper.framework; name = SystemConfiguration.framework; path = System/Library/Frameworks/SystemConfiguration.framework; sourceTree = SDKROOT; };
		F94367851DBF719100B4B09F /* GoogleAppUtilities.framework */ = {isa = PBXFileReference; lastKnownFileType = wrapper.framework; path = GoogleAppUtilities.framework; sourceTree = "<group>"; };
		F94367861DBF719100B4B09F /* GoogleSignIn.bundle */ = {isa = PBXFileReference; lastKnownFileType = "wrapper.plug-in"; path = GoogleSignIn.bundle; sourceTree = "<group>"; };
		F94367871DBF719100B4B09F /* GoogleSignIn.framework */ = {isa = PBXFileReference; lastKnownFileType = wrapper.framework; path = GoogleSignIn.framework; sourceTree = "<group>"; };
		F94367881DBF719100B4B09F /* GoogleSignInDependencies.framework */ = {isa = PBXFileReference; lastKnownFileType = wrapper.framework; path = GoogleSignInDependencies.framework; sourceTree = "<group>"; };
		F94367891DBF719100B4B09F /* GoogleSymbolUtilities.framework */ = {isa = PBXFileReference; lastKnownFileType = wrapper.framework; path = GoogleSymbolUtilities.framework; sourceTree = "<group>"; };
		F943678F1DBF71C400B4B09F /* SwiftLoginUsingSocialMedia-Bridging-Header.h */ = {isa = PBXFileReference; lastKnownFileType = sourcecode.c.h; path = "SwiftLoginUsingSocialMedia-Bridging-Header.h"; sourceTree = "<group>"; };
/* End PBXFileReference section */

/* Begin PBXFrameworksBuildPhase section */
		A1898C951D8FDD61004B7061 /* Frameworks */ = {
			isa = PBXFrameworksBuildPhase;
			buildActionMask = 2147483647;
			files = (
				F943678D1DBF719100B4B09F /* GoogleSignInDependencies.framework in Frameworks */,
				F94367841DBF702E00B4B09F /* SystemConfiguration.framework in Frameworks */,
				F94367821DBF702200B4B09F /* AddressBook.framework in Frameworks */,
				F943678E1DBF719100B4B09F /* GoogleSymbolUtilities.framework in Frameworks */,
				F943678A1DBF719100B4B09F /* GoogleAppUtilities.framework in Frameworks */,
				F94367801DBF701600B4B09F /* StoreKit.framework in Frameworks */,
				F943678C1DBF719100B4B09F /* GoogleSignIn.framework in Frameworks */,
			);
			runOnlyForDeploymentPostprocessing = 0;
		};
		A1898CA91D8FDD61004B7061 /* Frameworks */ = {
			isa = PBXFrameworksBuildPhase;
			buildActionMask = 2147483647;
			files = (
			);
			runOnlyForDeploymentPostprocessing = 0;
		};
		A1898CB41D8FDD61004B7061 /* Frameworks */ = {
			isa = PBXFrameworksBuildPhase;
			buildActionMask = 2147483647;
			files = (
			);
			runOnlyForDeploymentPostprocessing = 0;
		};
/* End PBXFrameworksBuildPhase section */

/* Begin PBXGroup section */
		A1898C8F1D8FDD61004B7061 = {
			isa = PBXGroup;
			children = (
				F943677C1DBF6F1D00B4B09F /* GoogleService-Info.plist */,
				A1898C9A1D8FDD61004B7061 /* SwiftLoginUsingSocialMedia */,
				A1898CAF1D8FDD61004B7061 /* SwiftLoginUsingSocialMediaTests */,
				A1898CBA1D8FDD62004B7061 /* SwiftLoginUsingSocialMediaUITests */,
				A1898C991D8FDD61004B7061 /* Products */,
				F943677E1DBF701600B4B09F /* Frameworks */,
				F943678F1DBF71C400B4B09F /* SwiftLoginUsingSocialMedia-Bridging-Header.h */,
			);
			sourceTree = "<group>";
		};
		A1898C991D8FDD61004B7061 /* Products */ = {
			isa = PBXGroup;
			children = (
				A1898C981D8FDD61004B7061 /* SwiftLoginUsingSocialMedia.app */,
				A1898CAC1D8FDD61004B7061 /* SwiftLoginUsingSocialMediaTests.xctest */,
				A1898CB71D8FDD62004B7061 /* SwiftLoginUsingSocialMediaUITests.xctest */,
			);
			name = Products;
			sourceTree = "<group>";
		};
		A1898C9A1D8FDD61004B7061 /* SwiftLoginUsingSocialMedia */ = {
			isa = PBXGroup;
			children = (
				A1898C9B1D8FDD61004B7061 /* AppDelegate.swift */,
				A1898C9D1D8FDD61004B7061 /* ViewController.swift */,
				A1898C9F1D8FDD61004B7061 /* Main.storyboard */,
				A1898CA21D8FDD61004B7061 /* Assets.xcassets */,
				A1898CA41D8FDD61004B7061 /* LaunchScreen.storyboard */,
				A1898CA71D8FDD61004B7061 /* Info.plist */,
			);
			path = SwiftLoginUsingSocialMedia;
			sourceTree = "<group>";
		};
		A1898CAF1D8FDD61004B7061 /* SwiftLoginUsingSocialMediaTests */ = {
			isa = PBXGroup;
			children = (
				A1898CB01D8FDD61004B7061 /* SwiftLoginUsingSocialMediaTests.swift */,
				A1898CB21D8FDD61004B7061 /* Info.plist */,
			);
			path = SwiftLoginUsingSocialMediaTests;
			sourceTree = "<group>";
		};
		A1898CBA1D8FDD62004B7061 /* SwiftLoginUsingSocialMediaUITests */ = {
			isa = PBXGroup;
			children = (
				A1898CBB1D8FDD62004B7061 /* SwiftLoginUsingSocialMediaUITests.swift */,
				A1898CBD1D8FDD62004B7061 /* Info.plist */,
			);
			path = SwiftLoginUsingSocialMediaUITests;
			sourceTree = "<group>";
		};
		F943677E1DBF701600B4B09F /* Frameworks */ = {
			isa = PBXGroup;
			children = (
				F94367851DBF719100B4B09F /* GoogleAppUtilities.framework */,
				F94367861DBF719100B4B09F /* GoogleSignIn.bundle */,
				F94367871DBF719100B4B09F /* GoogleSignIn.framework */,
				F94367881DBF719100B4B09F /* GoogleSignInDependencies.framework */,
				F94367891DBF719100B4B09F /* GoogleSymbolUtilities.framework */,
				F94367831DBF702E00B4B09F /* SystemConfiguration.framework */,
				F94367811DBF702200B4B09F /* AddressBook.framework */,
				F943677F1DBF701600B4B09F /* StoreKit.framework */,
			);
			name = Frameworks;
			sourceTree = "<group>";
		};
/* End PBXGroup section */

/* Begin PBXNativeTarget section */
		A1898C971D8FDD61004B7061 /* SwiftLoginUsingSocialMedia */ = {
			isa = PBXNativeTarget;
			buildConfigurationList = A1898CC01D8FDD62004B7061 /* Build configuration list for PBXNativeTarget "SwiftLoginUsingSocialMedia" */;
			buildPhases = (
				A1898C941D8FDD61004B7061 /* Sources */,
				A1898C951D8FDD61004B7061 /* Frameworks */,
				A1898C961D8FDD61004B7061 /* Resources */,
			);
			buildRules = (
			);
			dependencies = (
			);
			name = SwiftLoginUsingSocialMedia;
			productName = SwiftLoginUsingSocialMedia;
			productReference = A1898C981D8FDD61004B7061 /* SwiftLoginUsingSocialMedia.app */;
			productType = "com.apple.product-type.application";
		};
		A1898CAB1D8FDD61004B7061 /* SwiftLoginUsingSocialMediaTests */ = {
			isa = PBXNativeTarget;
			buildConfigurationList = A1898CC31D8FDD62004B7061 /* Build configuration list for PBXNativeTarget "SwiftLoginUsingSocialMediaTests" */;
			buildPhases = (
				A1898CA81D8FDD61004B7061 /* Sources */,
				A1898CA91D8FDD61004B7061 /* Frameworks */,
				A1898CAA1D8FDD61004B7061 /* Resources */,
			);
			buildRules = (
			);
			dependencies = (
				A1898CAE1D8FDD61004B7061 /* PBXTargetDependency */,
			);
			name = SwiftLoginUsingSocialMediaTests;
			productName = SwiftLoginUsingSocialMediaTests;
			productReference = A1898CAC1D8FDD61004B7061 /* SwiftLoginUsingSocialMediaTests.xctest */;
			productType = "com.apple.product-type.bundle.unit-test";
		};
		A1898CB61D8FDD61004B7061 /* SwiftLoginUsingSocialMediaUITests */ = {
			isa = PBXNativeTarget;
			buildConfigurationList = A1898CC61D8FDD62004B7061 /* Build configuration list for PBXNativeTarget "SwiftLoginUsingSocialMediaUITests" */;
			buildPhases = (
				A1898CB31D8FDD61004B7061 /* Sources */,
				A1898CB41D8FDD61004B7061 /* Frameworks */,
				A1898CB51D8FDD61004B7061 /* Resources */,
			);
			buildRules = (
			);
			dependencies = (
				A1898CB91D8FDD62004B7061 /* PBXTargetDependency */,
			);
			name = SwiftLoginUsingSocialMediaUITests;
			productName = SwiftLoginUsingSocialMediaUITests;
			productReference = A1898CB71D8FDD62004B7061 /* SwiftLoginUsingSocialMediaUITests.xctest */;
			productType = "com.apple.product-type.bundle.ui-testing";
		};
/* End PBXNativeTarget section */

/* Begin PBXProject section */
		A1898C901D8FDD61004B7061 /* Project object */ = {
			isa = PBXProject;
			attributes = {
				LastSwiftUpdateCheck = 0730;
				LastUpgradeCheck = 0800;
				ORGANIZATIONNAME = india;
				TargetAttributes = {
					A1898C971D8FDD61004B7061 = {
						CreatedOnToolsVersion = 7.3.1;
						DevelopmentTeam = 6AC44Z6PNA;
						LastSwiftMigration = 0800;
					};
					A1898CAB1D8FDD61004B7061 = {
						CreatedOnToolsVersion = 7.3.1;
						LastSwiftMigration = 0800;
						TestTargetID = A1898C971D8FDD61004B7061;
					};
					A1898CB61D8FDD61004B7061 = {
						CreatedOnToolsVersion = 7.3.1;
						LastSwiftMigration = 0800;
						TestTargetID = A1898C971D8FDD61004B7061;
					};
				};
			};
			buildConfigurationList = A1898C931D8FDD61004B7061 /* Build configuration list for PBXProject "SwiftLoginUsingSocialMedia" */;
			compatibilityVersion = "Xcode 3.2";
			developmentRegion = English;
			hasScannedForEncodings = 0;
			knownRegions = (
				en,
				Base,
			);
			mainGroup = A1898C8F1D8FDD61004B7061;
			productRefGroup = A1898C991D8FDD61004B7061 /* Products */;
			projectDirPath = "";
			projectRoot = "";
			targets = (
				A1898C971D8FDD61004B7061 /* SwiftLoginUsingSocialMedia */,
				A1898CAB1D8FDD61004B7061 /* SwiftLoginUsingSocialMediaTests */,
				A1898CB61D8FDD61004B7061 /* SwiftLoginUsingSocialMediaUITests */,
			);
		};
/* End PBXProject section */

/* Begin PBXResourcesBuildPhase section */
		A1898C961D8FDD61004B7061 /* Resources */ = {
			isa = PBXResourcesBuildPhase;
			buildActionMask = 2147483647;
			files = (
				A1898CA61D8FDD61004B7061 /* LaunchScreen.storyboard in Resources */,
				F943678B1DBF719100B4B09F /* GoogleSignIn.bundle in Resources */,
				F943677D1DBF6F1D00B4B09F /* GoogleService-Info.plist in Resources */,
				A1898CA31D8FDD61004B7061 /* Assets.xcassets in Resources */,
				A1898CA11D8FDD61004B7061 /* Main.storyboard in Resources */,
			);
			runOnlyForDeploymentPostprocessing = 0;
		};
		A1898CAA1D8FDD61004B7061 /* Resources */ = {
			isa = PBXResourcesBuildPhase;
			buildActionMask = 2147483647;
			files = (
			);
			runOnlyForDeploymentPostprocessing = 0;
		};
		A1898CB51D8FDD61004B7061 /* Resources */ = {
			isa = PBXResourcesBuildPhase;
			buildActionMask = 2147483647;
			files = (
			);
			runOnlyForDeploymentPostprocessing = 0;
		};
/* End PBXResourcesBuildPhase section */

/* Begin PBXSourcesBuildPhase section */
		A1898C941D8FDD61004B7061 /* Sources */ = {
			isa = PBXSourcesBuildPhase;
			buildActionMask = 2147483647;
			files = (
				A1898C9E1D8FDD61004B7061 /* ViewController.swift in Sources */,
				A1898C9C1D8FDD61004B7061 /* AppDelegate.swift in Sources */,
			);
			runOnlyForDeploymentPostprocessing = 0;
		};
		A1898CA81D8FDD61004B7061 /* Sources */ = {
			isa = PBXSourcesBuildPhase;
			buildActionMask = 2147483647;
			files = (
				A1898CB11D8FDD61004B7061 /* SwiftLoginUsingSocialMediaTests.swift in Sources */,
			);
			runOnlyForDeploymentPostprocessing = 0;
		};
		A1898CB31D8FDD61004B7061 /* Sources */ = {
			isa = PBXSourcesBuildPhase;
			buildActionMask = 2147483647;
			files = (
				A1898CBC1D8FDD62004B7061 /* SwiftLoginUsingSocialMediaUITests.swift in Sources */,
			);
			runOnlyForDeploymentPostprocessing = 0;
		};
/* End PBXSourcesBuildPhase section */

/* Begin PBXTargetDependency section */
		A1898CAE1D8FDD61004B7061 /* PBXTargetDependency */ = {
			isa = PBXTargetDependency;
			target = A1898C971D8FDD61004B7061 /* SwiftLoginUsingSocialMedia */;
			targetProxy = A1898CAD1D8FDD61004B7061 /* PBXContainerItemProxy */;
		};
		A1898CB91D8FDD62004B7061 /* PBXTargetDependency */ = {
			isa = PBXTargetDependency;
			target = A1898C971D8FDD61004B7061 /* SwiftLoginUsingSocialMedia */;
			targetProxy = A1898CB81D8FDD62004B7061 /* PBXContainerItemProxy */;
		};
/* End PBXTargetDependency section */

/* Begin PBXVariantGroup section */
		A1898C9F1D8FDD61004B7061 /* Main.storyboard */ = {
			isa = PBXVariantGroup;
			children = (
				A1898CA01D8FDD61004B7061 /* Base */,
			);
			name = Main.storyboard;
			sourceTree = "<group>";
		};
		A1898CA41D8FDD61004B7061 /* LaunchScreen.storyboard */ = {
			isa = PBXVariantGroup;
			children = (
				A1898CA51D8FDD61004B7061 /* Base */,
			);
			name = LaunchScreen.storyboard;
			sourceTree = "<group>";
		};
/* End PBXVariantGroup section */

/* Begin XCBuildConfiguration section */
		A1898CBE1D8FDD62004B7061 /* Debug */ = {
			isa = XCBuildConfiguration;
			buildSettings = {
				ALWAYS_SEARCH_USER_PATHS = NO;
				CLANG_ANALYZER_NONNULL = YES;
				CLANG_CXX_LANGUAGE_STANDARD = "gnu++0x";
				CLANG_CXX_LIBRARY = "libc++";
				CLANG_ENABLE_MODULES = YES;
				CLANG_ENABLE_OBJC_ARC = YES;
				CLANG_WARN_BOOL_CONVERSION = YES;
				CLANG_WARN_CONSTANT_CONVERSION = YES;
				CLANG_WARN_DIRECT_OBJC_ISA_USAGE = YES_ERROR;
				CLANG_WARN_EMPTY_BODY = YES;
				CLANG_WARN_ENUM_CONVERSION = YES;
				CLANG_WARN_INFINITE_RECURSION = YES;
				CLANG_WARN_INT_CONVERSION = YES;
				CLANG_WARN_OBJC_ROOT_CLASS = YES_ERROR;
				CLANG_WARN_SUSPICIOUS_MOVE = YES;
				CLANG_WARN_UNREACHABLE_CODE = YES;
				CLANG_WARN__DUPLICATE_METHOD_MATCH = YES;
				"CODE_SIGN_IDENTITY[sdk=iphoneos*]" = "iPhone Developer";
				COPY_PHASE_STRIP = NO;
				DEBUG_INFORMATION_FORMAT = dwarf;
				ENABLE_STRICT_OBJC_MSGSEND = YES;
				ENABLE_TESTABILITY = YES;
				GCC_C_LANGUAGE_STANDARD = gnu99;
				GCC_DYNAMIC_NO_PIC = NO;
				GCC_NO_COMMON_BLOCKS = YES;
				GCC_OPTIMIZATION_LEVEL = 0;
				GCC_PREPROCESSOR_DEFINITIONS = (
					"DEBUG=1",
					"$(inherited)",
				);
				GCC_WARN_64_TO_32_BIT_CONVERSION = YES;
				GCC_WARN_ABOUT_RETURN_TYPE = YES_ERROR;
				GCC_WARN_UNDECLARED_SELECTOR = YES;
				GCC_WARN_UNINITIALIZED_AUTOS = YES_AGGRESSIVE;
				GCC_WARN_UNUSED_FUNCTION = YES;
				GCC_WARN_UNUSED_VARIABLE = YES;
				IPHONEOS_DEPLOYMENT_TARGET = 9.3;
				MTL_ENABLE_DEBUG_INFO = YES;
				ONLY_ACTIVE_ARCH = YES;
				SDKROOT = iphoneos;
				SWIFT_OPTIMIZATION_LEVEL = "-Onone";
				TARGETED_DEVICE_FAMILY = "1,2";
			};
			name = Debug;
		};
		A1898CBF1D8FDD62004B7061 /* Release */ = {
			isa = XCBuildConfiguration;
			buildSettings = {
				ALWAYS_SEARCH_USER_PATHS = NO;
				CLANG_ANALYZER_NONNULL = YES;
				CLANG_CXX_LANGUAGE_STANDARD = "gnu++0x";
				CLANG_CXX_LIBRARY = "libc++";
				CLANG_ENABLE_MODULES = YES;
				CLANG_ENABLE_OBJC_ARC = YES;
				CLANG_WARN_BOOL_CONVERSION = YES;
				CLANG_WARN_CONSTANT_CONVERSION = YES;
				CLANG_WARN_DIRECT_OBJC_ISA_USAGE = YES_ERROR;
				CLANG_WARN_EMPTY_BODY = YES;
				CLANG_WARN_ENUM_CONVERSION = YES;
				CLANG_WARN_INFINITE_RECURSION = YES;
				CLANG_WARN_INT_CONVERSION = YES;
				CLANG_WARN_OBJC_ROOT_CLASS = YES_ERROR;
				CLANG_WARN_SUSPICIOUS_MOVE = YES;
				CLANG_WARN_UNREACHABLE_CODE = YES;
				CLANG_WARN__DUPLICATE_METHOD_MATCH = YES;
				"CODE_SIGN_IDENTITY[sdk=iphoneos*]" = "iPhone Developer";
				COPY_PHASE_STRIP = NO;
				DEBUG_INFORMATION_FORMAT = "dwarf-with-dsym";
				ENABLE_NS_ASSERTIONS = NO;
				ENABLE_STRICT_OBJC_MSGSEND = YES;
				GCC_C_LANGUAGE_STANDARD = gnu99;
				GCC_NO_COMMON_BLOCKS = YES;
				GCC_WARN_64_TO_32_BIT_CONVERSION = YES;
				GCC_WARN_ABOUT_RETURN_TYPE = YES_ERROR;
				GCC_WARN_UNDECLARED_SELECTOR = YES;
				GCC_WARN_UNINITIALIZED_AUTOS = YES_AGGRESSIVE;
				GCC_WARN_UNUSED_FUNCTION = YES;
				GCC_WARN_UNUSED_VARIABLE = YES;
				IPHONEOS_DEPLOYMENT_TARGET = 9.3;
				MTL_ENABLE_DEBUG_INFO = NO;
				SDKROOT = iphoneos;
				SWIFT_OPTIMIZATION_LEVEL = "-Owholemodule";
				TARGETED_DEVICE_FAMILY = "1,2";
				VALIDATE_PRODUCT = YES;
			};
			name = Release;
		};
		A1898CC11D8FDD62004B7061 /* Debug */ = {
			isa = XCBuildConfiguration;
			buildSettings = {
				ASSETCATALOG_COMPILER_APPICON_NAME = AppIcon;
				CLANG_ENABLE_MODULES = YES;
				DEVELOPMENT_TEAM = 6AC44Z6PNA;
				FRAMEWORK_SEARCH_PATHS = (
					"$(inherited)",
					"$(PROJECT_DIR)",
				);
				INFOPLIST_FILE = SwiftLoginUsingSocialMedia/Info.plist;
				LD_RUNPATH_SEARCH_PATHS = "$(inherited) @executable_path/Frameworks";
				OTHER_LDFLAGS = "-ObjC";
				PRODUCT_BUNDLE_IDENTIFIER = pk.SwiftLoginUsingSocialMedia.com;
				PRODUCT_NAME = "$(TARGET_NAME)";
				SWIFT_OBJC_BRIDGING_HEADER = "SwiftLoginUsingSocialMedia-Bridging-Header.h";
				SWIFT_OPTIMIZATION_LEVEL = "-Onone";
				SWIFT_VERSION = 3.0;
			};
			name = Debug;
		};
		A1898CC21D8FDD62004B7061 /* Release */ = {
			isa = XCBuildConfiguration;
			buildSettings = {
				ASSETCATALOG_COMPILER_APPICON_NAME = AppIcon;
				CLANG_ENABLE_MODULES = YES;
				DEVELOPMENT_TEAM = 6AC44Z6PNA;
				FRAMEWORK_SEARCH_PATHS = (
					"$(inherited)",
					"$(PROJECT_DIR)",
				);
				INFOPLIST_FILE = SwiftLoginUsingSocialMedia/Info.plist;
				LD_RUNPATH_SEARCH_PATHS = "$(inherited) @executable_path/Frameworks";
				OTHER_LDFLAGS = "-ObjC";
				PRODUCT_BUNDLE_IDENTIFIER = pk.SwiftLoginUsingSocialMedia.com;
				PRODUCT_NAME = "$(TARGET_NAME)";
				SWIFT_OBJC_BRIDGING_HEADER = "SwiftLoginUsingSocialMedia-Bridging-Header.h";
				SWIFT_VERSION = 3.0;
			};
			name = Release;
		};
		A1898CC41D8FDD62004B7061 /* Debug */ = {
			isa = XCBuildConfiguration;
			buildSettings = {
				BUNDLE_LOADER = "$(TEST_HOST)";
				INFOPLIST_FILE = SwiftLoginUsingSocialMediaTests/Info.plist;
				LD_RUNPATH_SEARCH_PATHS = "$(inherited) @executable_path/Frameworks @loader_path/Frameworks";
				PRODUCT_BUNDLE_IDENTIFIER = pk.SwiftLoginUsingSocialMediaTests;
				PRODUCT_NAME = "$(TARGET_NAME)";
				SWIFT_VERSION = 3.0;
				TEST_HOST = "$(BUILT_PRODUCTS_DIR)/SwiftLoginUsingSocialMedia.app/SwiftLoginUsingSocialMedia";
			};
			name = Debug;
		};
		A1898CC51D8FDD62004B7061 /* Release */ = {
			isa = XCBuildConfiguration;
			buildSettings = {
				BUNDLE_LOADER = "$(TEST_HOST)";
				INFOPLIST_FILE = SwiftLoginUsingSocialMediaTests/Info.plist;
				LD_RUNPATH_SEARCH_PATHS = "$(inherited) @executable_path/Frameworks @loader_path/Frameworks";
				PRODUCT_BUNDLE_IDENTIFIER = pk.SwiftLoginUsingSocialMediaTests;
				PRODUCT_NAME = "$(TARGET_NAME)";
				SWIFT_VERSION = 3.0;
				TEST_HOST = "$(BUILT_PRODUCTS_DIR)/SwiftLoginUsingSocialMedia.app/SwiftLoginUsingSocialMedia";
			};
			name = Release;
		};
		A1898CC71D8FDD62004B7061 /* Debug */ = {
			isa = XCBuildConfiguration;
			buildSettings = {
				INFOPLIST_FILE = SwiftLoginUsingSocialMediaUITests/Info.plist;
				LD_RUNPATH_SEARCH_PATHS = "$(inherited) @executable_path/Frameworks @loader_path/Frameworks";
				PRODUCT_BUNDLE_IDENTIFIER = pk.SwiftLoginUsingSocialMediaUITests;
				PRODUCT_NAME = "$(TARGET_NAME)";
				SWIFT_VERSION = 3.0;
				TEST_TARGET_NAME = SwiftLoginUsingSocialMedia;
			};
			name = Debug;
		};
		A1898CC81D8FDD62004B7061 /* Release */ = {
			isa = XCBuildConfiguration;
			buildSettings = {
				INFOPLIST_FILE = SwiftLoginUsingSocialMediaUITests/Info.plist;
				LD_RUNPATH_SEARCH_PATHS = "$(inherited) @executable_path/Frameworks @loader_path/Frameworks";
				PRODUCT_BUNDLE_IDENTIFIER = pk.SwiftLoginUsingSocialMediaUITests;
				PRODUCT_NAME = "$(TARGET_NAME)";
				SWIFT_VERSION = 3.0;
				TEST_TARGET_NAME = SwiftLoginUsingSocialMedia;
			};
			name = Release;
		};
/* End XCBuildConfiguration section */

/* Begin XCConfigurationList section */
		A1898C931D8FDD61004B7061 /* Build configuration list for PBXProject "SwiftLoginUsingSocialMedia" */ = {
			isa = XCConfigurationList;
			buildConfigurations = (
				A1898CBE1D8FDD62004B7061 /* Debug */,
				A1898CBF1D8FDD62004B7061 /* Release */,
			);
			defaultConfigurationIsVisible = 0;
			defaultConfigurationName = Release;
		};
		A1898CC01D8FDD62004B7061 /* Build configuration list for PBXNativeTarget "SwiftLoginUsingSocialMedia" */ = {
			isa = XCConfigurationList;
			buildConfigurations = (
				A1898CC11D8FDD62004B7061 /* Debug */,
				A1898CC21D8FDD62004B7061 /* Release */,
			);
			defaultConfigurationIsVisible = 0;
			defaultConfigurationName = Release;
		};
		A1898CC31D8FDD62004B7061 /* Build configuration list for PBXNativeTarget "SwiftLoginUsingSocialMediaTests" */ = {
			isa = XCConfigurationList;
			buildConfigurations = (
				A1898CC41D8FDD62004B7061 /* Debug */,
				A1898CC51D8FDD62004B7061 /* Release */,
			);
			defaultConfigurationIsVisible = 0;
			defaultConfigurationName = Release;
		};
		A1898CC61D8FDD62004B7061 /* Build configuration list for PBXNativeTarget "SwiftLoginUsingSocialMediaUITests" */ = {
			isa = XCConfigurationList;
			buildConfigurations = (
				A1898CC71D8FDD62004B7061 /* Debug */,
				A1898CC81D8FDD62004B7061 /* Release */,
			);
			defaultConfigurationIsVisible = 0;
			defaultConfigurationName = Release;
		};
/* End XCConfigurationList section */
	};
	rootObject = A1898C901D8FDD61004B7061 /* Project object */;
}
